
Microsoft Visual Studio Solution File, Format Version 12.00
# Visual Studio Version 17
VisualStudioVersion = 17.9.34701.34
MinimumVisualStudioVersion = 10.0.40219.1
Project("{FAE04EC0-301F-11D3-BF4B-00C04F79EFBC}") = "LibraryWebApi", "LibraryWebApi\LibraryWebApi.csproj", "{2B59E3BC-D601-483E-A06D-D5DAECCD858C}"
EndProject
Global
	GlobalSection(SolutionConfigurationPlatforms) = preSolution
		Debug|Any CPU = Debug|Any CPU
		Release|Any CPU = Release|Any CPU
	EndGlobalSection
	GlobalSection(ProjectConfigurationPlatforms) = postSolution
		{2B59E3BC-D601-483E-A06D-D5DAECCD858C}.Debug|Any CPU.ActiveCfg = Debug|Any CPU
		{2B59E3BC-D601-483E-A06D-D5DAECCD858C}.Debug|Any CPU.Build.0 = Debug|Any CPU
		{2B59E3BC-D601-483E-A06D-D5DAECCD858C}.Release|Any CPU.ActiveCfg = Release|Any CPU
		{2B59E3BC-D601-483E-A06D-D5DAECCD858C}.Release|Any CPU.Build.0 = Release|Any CPU
	EndGlobalSection
	GlobalSection(SolutionProperties) = preSolution
		HideSolutionNode = FALSE
	EndGlobalSection
	GlobalSection(ExtensibilityGlobals) = postSolution
		SolutionGuid = {81E2CD0C-69F9-444B-A12F-9392E2288DCD}
	EndGlobalSection
EndGlobal
